
Microsoft Visual Studio Solution File, Format Version 12.00
# Visual Studio Version 17
VisualStudioVersion = 17.13.35806.99
MinimumVisualStudioVersion = 10.0.40219.1
Project("{FAE04EC0-301F-11D3-BF4B-00C04F79EFBC}") = "API", "API\API.csproj", "{5EB35456-3105-46C7-BE20-D44F37A65E83}"
EndProject
Project("{FAE04EC0-301F-11D3-BF4B-00C04F79EFBC}") = "Core", "Core\Core.csproj", "{FD831C4D-C887-49A0-A66D-1B7897D0B123}"
EndProject
Project("{FAE04EC0-301F-11D3-BF4B-00C04F79EFBC}") = "Infrastructure", "Infrastructure\Infrastructure.csproj", "{AEF5E0EF-A753-4626-BB33-F6F40B88B543}"
EndProject
Global
	GlobalSection(SolutionConfigurationPlatforms) = preSolution
		Debug|Any CPU = Debug|Any CPU
		Release|Any CPU = Release|Any CPU
	EndGlobalSection
	GlobalSection(ProjectConfigurationPlatforms) = postSolution
		{5EB35456-3105-46C7-BE20-D44F37A65E83}.Debug|Any CPU.ActiveCfg = Debug|Any CPU
		{5EB35456-3105-46C7-BE20-D44F37A65E83}.Debug|Any CPU.Build.0 = Debug|Any CPU
		{5EB35456-3105-46C7-BE20-D44F37A65E83}.Release|Any CPU.ActiveCfg = Release|Any CPU
		{5EB35456-3105-46C7-BE20-D44F37A65E83}.Release|Any CPU.Build.0 = Release|Any CPU
		{FD831C4D-C887-49A0-A66D-1B7897D0B123}.Debug|Any CPU.ActiveCfg = Debug|Any CPU
		{FD831C4D-C887-49A0-A66D-1B7897D0B123}.Debug|Any CPU.Build.0 = Debug|Any CPU
		{FD831C4D-C887-49A0-A66D-1B7897D0B123}.Release|Any CPU.ActiveCfg = Release|Any CPU
		{FD831C4D-C887-49A0-A66D-1B7897D0B123}.Release|Any CPU.Build.0 = Release|Any CPU
		{AEF5E0EF-A753-4626-BB33-F6F40B88B543}.Debug|Any CPU.ActiveCfg = Debug|Any CPU
		{AEF5E0EF-A753-4626-BB33-F6F40B88B543}.Debug|Any CPU.Build.0 = Debug|Any CPU
		{AEF5E0EF-A753-4626-BB33-F6F40B88B543}.Release|Any CPU.ActiveCfg = Release|Any CPU
		{AEF5E0EF-A753-4626-BB33-F6F40B88B543}.Release|Any CPU.Build.0 = Release|Any CPU
	EndGlobalSection
	GlobalSection(SolutionProperties) = preSolution
		HideSolutionNode = FALSE
	EndGlobalSection
	GlobalSection(ExtensibilityGlobals) = postSolution
		SolutionGuid = {6002862C-9A65-4269-86E1-043BF17DA0B4}
	EndGlobalSection
EndGlobal
